# This file was autogenerated by Stack.
# You should not edit this file by hand.
# For more information, please see the documentation at:
#   https://docs.haskellstack.org/en/stable/lock_files

packages:
- completed:
    hackage: argparser-0.3.4@sha256:f277e6d568e88f0698a0ce1f2dc719d90717ffe99c8622302f65389f2a8ed01c,1952
    pantry-tree:
      size: 1449
      sha256: 8c4dd60221760f9fdc9298baa72ff6cd4ed6ee32353141b04cf243d9286b314e
  original:
    hackage: argparser-0.3.4@sha256:f277e6d568e88f0698a0ce1f2dc719d90717ffe99c8622302f65389f2a8ed01c,1952
snapshots:
- completed:
    size: 532380
    url: https://raw.githubusercontent.com/commercialhaskell/stackage-snapshots/master/lts/16/15.yaml
    sha256: 3b5f2a699aa5ed3abbc30410062bf743926f0868ce3eeb5655370c6c6cc1a9f4
  original: lts-16.15
